[{<<"rabbit_common">>,
  {git,"git://github.com/jbrisbin/rabbit_common.git",
       {ref,"d97ee683562b1eab5984ee90e320152b9197281f"}},
  1},
 {<<"rebar_elixir_plugin">>,
  {git,"git://github.com/yrashk/rebar_elixir_plugin",
       {ref,"7058379b7c7e017555647f6b9cecfd87cd50f884"}},
  0},
 {<<"jsx">>,
  {git,"git://github.com/talentdeficit/jsx.git",
       {ref,"46f246dc3ab45fa3229993855a0d720dd2254d4c"}},
  0},
 {<<"elixir">>,
  {git,"git://github.com/elixir-lang/elixir",
       {ref,"3517ba1e1d8f5cc9f308015ef9e5e9b17d6a3e04"}},
  0},
 {<<"amqp_client">>,
  {git,"git://github.com/jbrisbin/amqp_client.git",
       {ref,"4e18a85fa362bd4fb26806388e942fa9ffef4f44"}},
  0}].
